
Microsoft Visual Studio Solution File, Format Version 12.00
# Visual Studio 15
VisualStudioVersion = 15.0.26228.9
MinimumVisualStudioVersion = 10.0.40219.1
Project("{F184B08F-C81C-45F6-A57F-5ABD9991F28F}") = "AP Patcher", "AP Patcher\AP Patcher.vbproj", "{8CDB3EF6-A212-47B5-A0EA-4050AD722000}"
EndProject
Global
	GlobalSection(SolutionConfigurationPlatforms) = preSolution
		Debug|Any CPU = Debug|Any CPU
		Release|Any CPU = Release|Any CPU
	EndGlobalSection
	GlobalSection(ProjectConfigurationPlatforms) = postSolution
		{8CDB3EF6-A212-47B5-A0EA-4050AD722000}.Debug|Any CPU.ActiveCfg = Debug|Any CPU
		{8CDB3EF6-A212-47B5-A0EA-4050AD722000}.Debug|Any CPU.Build.0 = Debug|Any CPU
		{8CDB3EF6-A212-47B5-A0EA-4050AD722000}.Release|Any CPU.ActiveCfg = Release|Any CPU
		{8CDB3EF6-A212-47B5-A0EA-4050AD722000}.Release|Any CPU.Build.0 = Release|Any CPU
	EndGlobalSection
	GlobalSection(SolutionProperties) = preSolution
		HideSolutionNode = FALSE
	EndGlobalSection
EndGlobal
